
Microsoft Visual Studio Solution File, Format Version 12.00
# Visual Studio Version 17
VisualStudioVersion = 17.5.33516.290
MinimumVisualStudioVersion = 10.0.40219.1
Project("{FAE04EC0-301F-11D3-BF4B-00C04F79EFBC}") = "NewToDoApp", "NewToDoApp\NewToDoApp.csproj", "{2AE89416-463E-4D25-8C48-0C6D30006A72}"
EndProject
Global
	GlobalSection(SolutionConfigurationPlatforms) = preSolution
		Debug|Any CPU = Debug|Any CPU
		Release|Any CPU = Release|Any CPU
	EndGlobalSection
	GlobalSection(ProjectConfigurationPlatforms) = postSolution
		{2AE89416-463E-4D25-8C48-0C6D30006A72}.Debug|Any CPU.ActiveCfg = Debug|Any CPU
		{2AE89416-463E-4D25-8C48-0C6D30006A72}.Debug|Any CPU.Build.0 = Debug|Any CPU
		{2AE89416-463E-4D25-8C48-0C6D30006A72}.Release|Any CPU.ActiveCfg = Release|Any CPU
		{2AE89416-463E-4D25-8C48-0C6D30006A72}.Release|Any CPU.Build.0 = Release|Any CPU
	EndGlobalSection
	GlobalSection(SolutionProperties) = preSolution
		HideSolutionNode = FALSE
	EndGlobalSection
	GlobalSection(ExtensibilityGlobals) = postSolution
		SolutionGuid = {F5AFC6F6-7118-4B44-A69F-35EE607F1B78}
	EndGlobalSection
EndGlobal
